dependencies:
  espressif/esp_tinyusb:
    component_hash: 28c68ff118750c0a754c4563c700953a8b54ccb7644fdffb0658e4effa3528c3
    source:
      service_url: https://api.components.espressif.com/
      type: service
    version: 1.3.0
  espressif/led_strip:
    component_hash: 16ff4d03414dbb63aa38a3cfd4c1dd9babcf9afef5578f1598295240a2c8afad
    source:
      service_url: https://api.components.espressif.com/
      type: service
    version: 2.3.2
  espressif/tinyusb:
    component_hash: 68e971ee08d20180b1a092e5ee727877a3b3d8c815fde0a91fc6fdff06d41ead
    source:
      service_url: https://api.components.espressif.com/
      type: service
    version: 0.14.3
  idf:
    component_hash: null
    source:
      type: idf
    version: 5.1.0
manifest_hash: 220c4b022a48c93b432f92b13d899a5dd8f0e7b36a4066b6be0429759634b658
target: esp32s3
version: 1.0.0
